
Microsoft Visual Studio Solution File, Format Version 12.00
# Visual Studio 15
Project("{FAE04EC0-301F-11D3-BF4B-00C04F79EFBC}") = "UnityEngine.UI", "UnityEngine.UI.csproj", "{E649F8FE-1B46-AAD1-8A43-0A8AECE37BAC}"
EndProject
Project("{FAE04EC0-301F-11D3-BF4B-00C04F79EFBC}") = "Unity.TextMeshPro", "Unity.TextMeshPro.csproj", "{063FD925-C82C-3B45-3BC3-270988626CC7}"
EndProject
Project("{FAE04EC0-301F-11D3-BF4B-00C04F79EFBC}") = "TestAssembly", "TestAssembly.csproj", "{C7CC92DC-59F1-83A5-2322-5872E8B98CD1}"
EndProject
Project("{FAE04EC0-301F-11D3-BF4B-00C04F79EFBC}") = "Assembly-CSharp", "Assembly-CSharp.csproj", "{0A6E8C3B-6582-4436-7FA0-0B6D775A3375}"
EndProject
Project("{FAE04EC0-301F-11D3-BF4B-00C04F79EFBC}") = "Unity.TextMeshPro.Editor", "Unity.TextMeshPro.Editor.csproj", "{0A8CF750-6CFA-B64F-B965-B26F1E2736A9}"
EndProject
Project("{FAE04EC0-301F-11D3-BF4B-00C04F79EFBC}") = "UnityEditor.UI", "UnityEditor.UI.csproj", "{0F4AD09A-8335-58D7-5AF9-44FEFB43C4B8}"
EndProject
Project("{FAE04EC0-301F-11D3-BF4B-00C04F79EFBC}") = "Assembly-CSharp-Editor", "Assembly-CSharp-Editor.csproj", "{41D9780E-B7A0-0D89-00B7-04FE75AA0EE1}"
EndProject
Project("{FAE04EC0-301F-11D3-BF4B-00C04F79EFBC}") = "Unity.VSCode.Editor", "Unity.VSCode.Editor.csproj", "{4F23441F-2773-E30C-FBD8-B1769C00D6A1}"
EndProject
Global
	GlobalSection(SolutionConfigurationPlatforms) = preSolution
		Debug|Any CPU = Debug|Any CPU
		vs_Windows_Editor_Clean|Any CPU = vs_Windows_Editor_Clean|Any CPU
		vs_Windows_Editor_Custom|Any CPU = vs_Windows_Editor_Custom|Any CPU
		vs_Windows_Player_Clean|Any CPU = vs_Windows_Player_Clean|Any CPU
		vs_Windows_Player_Custom|Any CPU = vs_Windows_Player_Custom|Any CPU
		vs_iOS_Editor_Clean|Any CPU = vs_iOS_Editor_Clean|Any CPU
		vs_iOS_Editor_Custom|Any CPU = vs_iOS_Editor_Custom|Any CPU
		vs_iOS_Player_Clean|Any CPU = vs_iOS_Player_Clean|Any CPU
		vs_iOS_Player_Custom|Any CPU = vs_iOS_Player_Custom|Any CPU
		vs_Android_Editor_Clean|Any CPU = vs_Android_Editor_Clean|Any CPU
		vs_Android_Editor_Custom|Any CPU = vs_Android_Editor_Custom|Any CPU
		vs_Android_Player_Clean|Any CPU = vs_Android_Player_Clean|Any CPU
		vs_Android_Player_Custom|Any CPU = vs_Android_Player_Custom|Any CPU
	EndGlobalSection
	GlobalSection(ProjectConfigurationPlatforms) = postSolution
		{E649F8FE-1B46-AAD1-8A43-0A8AECE37BAC}.Debug|Any CPU.ActiveCfg = Debug|Any CPU
		{E649F8FE-1B46-AAD1-8A43-0A8AECE37BAC}.Debug|Any CPU.Build.0 = Debug|Any CPU
		{E649F8FE-1B46-AAD1-8A43-0A8AECE37BAC}.vs_Windows_Editor_Clean|Any CPU.ActiveCfg = Debug|Any CPU
		{E649F8FE-1B46-AAD1-8A43-0A8AECE37BAC}.vs_Windows_Editor_Custom|Any CPU.ActiveCfg = Debug|Any CPU
		{E649F8FE-1B46-AAD1-8A43-0A8AECE37BAC}.vs_Windows_Player_Clean|Any CPU.ActiveCfg = Debug|Any CPU
		{E649F8FE-1B46-AAD1-8A43-0A8AECE37BAC}.vs_Windows_Player_Custom|Any CPU.ActiveCfg = Debug|Any CPU
		{E649F8FE-1B46-AAD1-8A43-0A8AECE37BAC}.vs_iOS_Editor_Clean|Any CPU.ActiveCfg = Debug|Any CPU
		{E649F8FE-1B46-AAD1-8A43-0A8AECE37BAC}.vs_iOS_Editor_Custom|Any CPU.ActiveCfg = Debug|Any CPU
		{E649F8FE-1B46-AAD1-8A43-0A8AECE37BAC}.vs_iOS_Player_Clean|Any CPU.ActiveCfg = Debug|Any CPU
		{E649F8FE-1B46-AAD1-8A43-0A8AECE37BAC}.vs_iOS_Player_Custom|Any CPU.ActiveCfg = Debug|Any CPU
		{E649F8FE-1B46-AAD1-8A43-0A8AECE37BAC}.vs_Android_Editor_Clean|Any CPU.ActiveCfg = Debug|Any CPU
		{E649F8FE-1B46-AAD1-8A43-0A8AECE37BAC}.vs_Android_Editor_Custom|Any CPU.ActiveCfg = Debug|Any CPU
		{E649F8FE-1B46-AAD1-8A43-0A8AECE37BAC}.vs_Android_Player_Clean|Any CPU.ActiveCfg = Debug|Any CPU
		{E649F8FE-1B46-AAD1-8A43-0A8AECE37BAC}.vs_Android_Player_Custom|Any CPU.ActiveCfg = Debug|Any CPU
		{063FD925-C82C-3B45-3BC3-270988626CC7}.Debug|Any CPU.ActiveCfg = Debug|Any CPU
		{063FD925-C82C-3B45-3BC3-270988626CC7}.Debug|Any CPU.Build.0 = Debug|Any CPU
		{063FD925-C82C-3B45-3BC3-270988626CC7}.vs_Windows_Editor_Clean|Any CPU.ActiveCfg = Debug|Any CPU
		{063FD925-C82C-3B45-3BC3-270988626CC7}.vs_Windows_Editor_Custom|Any CPU.ActiveCfg = Debug|Any CPU
		{063FD925-C82C-3B45-3BC3-270988626CC7}.vs_Windows_Player_Clean|Any CPU.ActiveCfg = Debug|Any CPU
		{063FD925-C82C-3B45-3BC3-270988626CC7}.vs_Windows_Player_Custom|Any CPU.ActiveCfg = Debug|Any CPU
		{063FD925-C82C-3B45-3BC3-270988626CC7}.vs_iOS_Editor_Clean|Any CPU.ActiveCfg = Debug|Any CPU
		{063FD925-C82C-3B45-3BC3-270988626CC7}.vs_iOS_Editor_Custom|Any CPU.ActiveCfg = Debug|Any CPU
		{063FD925-C82C-3B45-3BC3-270988626CC7}.vs_iOS_Player_Clean|Any CPU.ActiveCfg = Debug|Any CPU
		{063FD925-C82C-3B45-3BC3-270988626CC7}.vs_iOS_Player_Custom|Any CPU.ActiveCfg = Debug|Any CPU
		{063FD925-C82C-3B45-3BC3-270988626CC7}.vs_Android_Editor_Clean|Any CPU.ActiveCfg = Debug|Any CPU
		{063FD925-C82C-3B45-3BC3-270988626CC7}.vs_Android_Editor_Custom|Any CPU.ActiveCfg = Debug|Any CPU
		{063FD925-C82C-3B45-3BC3-270988626CC7}.vs_Android_Player_Clean|Any CPU.ActiveCfg = Debug|Any CPU
		{063FD925-C82C-3B45-3BC3-270988626CC7}.vs_Android_Player_Custom|Any CPU.ActiveCfg = Debug|Any CPU
		{C7CC92DC-59F1-83A5-2322-5872E8B98CD1}.Debug|Any CPU.ActiveCfg = Debug|Any CPU
		{C7CC92DC-59F1-83A5-2322-5872E8B98CD1}.Debug|Any CPU.Build.0 = Debug|Any CPU
		{C7CC92DC-59F1-83A5-2322-5872E8B98CD1}.vs_Windows_Editor_Clean|Any CPU.ActiveCfg = vs_Windows_Editor_Clean|Any CPU
		{C7CC92DC-59F1-83A5-2322-5872E8B98CD1}.vs_Windows_Editor_Clean|Any CPU.Build.0 = vs_Windows_Editor_Clean|Any CPU
		{C7CC92DC-59F1-83A5-2322-5872E8B98CD1}.vs_Windows_Editor_Custom|Any CPU.ActiveCfg = vs_Windows_Editor_Custom|Any CPU
		{C7CC92DC-59F1-83A5-2322-5872E8B98CD1}.vs_Windows_Editor_Custom|Any CPU.Build.0 = vs_Windows_Editor_Custom|Any CPU
		{C7CC92DC-59F1-83A5-2322-5872E8B98CD1}.vs_Windows_Player_Clean|Any CPU.ActiveCfg = vs_Windows_Player_Clean|Any CPU
		{C7CC92DC-59F1-83A5-2322-5872E8B98CD1}.vs_Windows_Player_Clean|Any CPU.Build.0 = vs_Windows_Player_Clean|Any CPU
		{C7CC92DC-59F1-83A5-2322-5872E8B98CD1}.vs_Windows_Player_Custom|Any CPU.ActiveCfg = vs_Windows_Player_Custom|Any CPU
		{C7CC92DC-59F1-83A5-2322-5872E8B98CD1}.vs_Windows_Player_Custom|Any CPU.Build.0 = vs_Windows_Player_Custom|Any CPU
		{C7CC92DC-59F1-83A5-2322-5872E8B98CD1}.vs_iOS_Editor_Clean|Any CPU.ActiveCfg = vs_iOS_Editor_Clean|Any CPU
		{C7CC92DC-59F1-83A5-2322-5872E8B98CD1}.vs_iOS_Editor_Clean|Any CPU.Build.0 = vs_iOS_Editor_Clean|Any CPU
		{C7CC92DC-59F1-83A5-2322-5872E8B98CD1}.vs_iOS_Editor_Custom|Any CPU.ActiveCfg = vs_iOS_Editor_Custom|Any CPU
		{C7CC92DC-59F1-83A5-2322-5872E8B98CD1}.vs_iOS_Editor_Custom|Any CPU.Build.0 = vs_iOS_Editor_Custom|Any CPU
		{C7CC92DC-59F1-83A5-2322-5872E8B98CD1}.vs_iOS_Player_Clean|Any CPU.ActiveCfg = Debug|Any CPU
		{C7CC92DC-59F1-83A5-2322-5872E8B98CD1}.vs_iOS_Player_Custom|Any CPU.ActiveCfg = Debug|Any CPU
		{C7CC92DC-59F1-83A5-2322-5872E8B98CD1}.vs_Android_Editor_Clean|Any CPU.ActiveCfg = vs_Android_Editor_Clean|Any CPU
		{C7CC92DC-59F1-83A5-2322-5872E8B98CD1}.vs_Android_Editor_Clean|Any CPU.Build.0 = vs_Android_Editor_Clean|Any CPU
		{C7CC92DC-59F1-83A5-2322-5872E8B98CD1}.vs_Android_Editor_Custom|Any CPU.ActiveCfg = vs_Android_Editor_Custom|Any CPU
		{C7CC92DC-59F1-83A5-2322-5872E8B98CD1}.vs_Android_Editor_Custom|Any CPU.Build.0 = vs_Android_Editor_Custom|Any CPU
		{C7CC92DC-59F1-83A5-2322-5872E8B98CD1}.vs_Android_Player_Clean|Any CPU.ActiveCfg = vs_Android_Player_Clean|Any CPU
		{C7CC92DC-59F1-83A5-2322-5872E8B98CD1}.vs_Android_Player_Clean|Any CPU.Build.0 = vs_Android_Player_Clean|Any CPU
		{C7CC92DC-59F1-83A5-2322-5872E8B98CD1}.vs_Android_Player_Custom|Any CPU.ActiveCfg = vs_Android_Player_Custom|Any CPU
		{C7CC92DC-59F1-83A5-2322-5872E8B98CD1}.vs_Android_Player_Custom|Any CPU.Build.0 = vs_Android_Player_Custom|Any CPU
		{0A6E8C3B-6582-4436-7FA0-0B6D775A3375}.Debug|Any CPU.ActiveCfg = Debug|Any CPU
		{0A6E8C3B-6582-4436-7FA0-0B6D775A3375}.Debug|Any CPU.Build.0 = Debug|Any CPU
		{0A6E8C3B-6582-4436-7FA0-0B6D775A3375}.vs_Windows_Editor_Clean|Any CPU.ActiveCfg = vs_Windows_Editor_Clean|Any CPU
		{0A6E8C3B-6582-4436-7FA0-0B6D775A3375}.vs_Windows_Editor_Clean|Any CPU.Build.0 = vs_Windows_Editor_Clean|Any CPU
		{0A6E8C3B-6582-4436-7FA0-0B6D775A3375}.vs_Windows_Editor_Custom|Any CPU.ActiveCfg = vs_Windows_Editor_Custom|Any CPU
		{0A6E8C3B-6582-4436-7FA0-0B6D775A3375}.vs_Windows_Editor_Custom|Any CPU.Build.0 = vs_Windows_Editor_Custom|Any CPU
		{0A6E8C3B-6582-4436-7FA0-0B6D775A3375}.vs_Windows_Player_Clean|Any CPU.ActiveCfg = vs_Windows_Player_Clean|Any CPU
		{0A6E8C3B-6582-4436-7FA0-0B6D775A3375}.vs_Windows_Player_Clean|Any CPU.Build.0 = vs_Windows_Player_Clean|Any CPU
		{0A6E8C3B-6582-4436-7FA0-0B6D775A3375}.vs_Windows_Player_Custom|Any CPU.ActiveCfg = vs_Windows_Player_Custom|Any CPU
		{0A6E8C3B-6582-4436-7FA0-0B6D775A3375}.vs_Windows_Player_Custom|Any CPU.Build.0 = vs_Windows_Player_Custom|Any CPU
		{0A6E8C3B-6582-4436-7FA0-0B6D775A3375}.vs_iOS_Editor_Clean|Any CPU.ActiveCfg = vs_iOS_Editor_Clean|Any CPU
		{0A6E8C3B-6582-4436-7FA0-0B6D775A3375}.vs_iOS_Editor_Clean|Any CPU.Build.0 = vs_iOS_Editor_Clean|Any CPU
		{0A6E8C3B-6582-4436-7FA0-0B6D775A3375}.vs_iOS_Editor_Custom|Any CPU.ActiveCfg = vs_iOS_Editor_Custom|Any CPU
		{0A6E8C3B-6582-4436-7FA0-0B6D775A3375}.vs_iOS_Editor_Custom|Any CPU.Build.0 = vs_iOS_Editor_Custom|Any CPU
		{0A6E8C3B-6582-4436-7FA0-0B6D775A3375}.vs_iOS_Player_Clean|Any CPU.ActiveCfg = vs_iOS_Player_Clean|Any CPU
		{0A6E8C3B-6582-4436-7FA0-0B6D775A3375}.vs_iOS_Player_Clean|Any CPU.Build.0 = vs_iOS_Player_Clean|Any CPU
		{0A6E8C3B-6582-4436-7FA0-0B6D775A3375}.vs_iOS_Player_Custom|Any CPU.ActiveCfg = vs_iOS_Player_Custom|Any CPU
		{0A6E8C3B-6582-4436-7FA0-0B6D775A3375}.vs_iOS_Player_Custom|Any CPU.Build.0 = vs_iOS_Player_Custom|Any CPU
		{0A6E8C3B-6582-4436-7FA0-0B6D775A3375}.vs_Android_Editor_Clean|Any CPU.ActiveCfg = vs_Android_Editor_Clean|Any CPU
		{0A6E8C3B-6582-4436-7FA0-0B6D775A3375}.vs_Android_Editor_Clean|Any CPU.Build.0 = vs_Android_Editor_Clean|Any CPU
		{0A6E8C3B-6582-4436-7FA0-0B6D775A3375}.vs_Android_Editor_Custom|Any CPU.ActiveCfg = vs_Android_Editor_Custom|Any CPU
		{0A6E8C3B-6582-4436-7FA0-0B6D775A3375}.vs_Android_Editor_Custom|Any CPU.Build.0 = vs_Android_Editor_Custom|Any CPU
		{0A6E8C3B-6582-4436-7FA0-0B6D775A3375}.vs_Android_Player_Clean|Any CPU.ActiveCfg = vs_Android_Player_Clean|Any CPU
		{0A6E8C3B-6582-4436-7FA0-0B6D775A3375}.vs_Android_Player_Clean|Any CPU.Build.0 = vs_Android_Player_Clean|Any CPU
		{0A6E8C3B-6582-4436-7FA0-0B6D775A3375}.vs_Android_Player_Custom|Any CPU.ActiveCfg = vs_Android_Player_Custom|Any CPU
		{0A6E8C3B-6582-4436-7FA0-0B6D775A3375}.vs_Android_Player_Custom|Any CPU.Build.0 = vs_Android_Player_Custom|Any CPU
		{0A8CF750-6CFA-B64F-B965-B26F1E2736A9}.Debug|Any CPU.ActiveCfg = Debug|Any CPU
		{0A8CF750-6CFA-B64F-B965-B26F1E2736A9}.Debug|Any CPU.Build.0 = Debug|Any CPU
		{0A8CF750-6CFA-B64F-B965-B26F1E2736A9}.vs_Windows_Editor_Clean|Any CPU.ActiveCfg = Debug|Any CPU
		{0A8CF750-6CFA-B64F-B965-B26F1E2736A9}.vs_Windows_Editor_Custom|Any CPU.ActiveCfg = Debug|Any CPU
		{0A8CF750-6CFA-B64F-B965-B26F1E2736A9}.vs_Windows_Player_Clean|Any CPU.ActiveCfg = Debug|Any CPU
		{0A8CF750-6CFA-B64F-B965-B26F1E2736A9}.vs_Windows_Player_Custom|Any CPU.ActiveCfg = Debug|Any CPU
		{0A8CF750-6CFA-B64F-B965-B26F1E2736A9}.vs_iOS_Editor_Clean|Any CPU.ActiveCfg = Debug|Any CPU
		{0A8CF750-6CFA-B64F-B965-B26F1E2736A9}.vs_iOS_Editor_Custom|Any CPU.ActiveCfg = Debug|Any CPU
		{0A8CF750-6CFA-B64F-B965-B26F1E2736A9}.vs_iOS_Player_Clean|Any CPU.ActiveCfg = Debug|Any CPU
		{0A8CF750-6CFA-B64F-B965-B26F1E2736A9}.vs_iOS_Player_Custom|Any CPU.ActiveCfg = Debug|Any CPU
		{0A8CF750-6CFA-B64F-B965-B26F1E2736A9}.vs_Android_Editor_Clean|Any CPU.ActiveCfg = Debug|Any CPU
		{0A8CF750-6CFA-B64F-B965-B26F1E2736A9}.vs_Android_Editor_Custom|Any CPU.ActiveCfg = Debug|Any CPU
		{0A8CF750-6CFA-B64F-B965-B26F1E2736A9}.vs_Android_Player_Clean|Any CPU.ActiveCfg = Debug|Any CPU
		{0A8CF750-6CFA-B64F-B965-B26F1E2736A9}.vs_Android_Player_Custom|Any CPU.ActiveCfg = Debug|Any CPU
		{0F4AD09A-8335-58D7-5AF9-44FEFB43C4B8}.Debug|Any CPU.ActiveCfg = Debug|Any CPU
		{0F4AD09A-8335-58D7-5AF9-44FEFB43C4B8}.Debug|Any CPU.Build.0 = Debug|Any CPU
		{0F4AD09A-8335-58D7-5AF9-44FEFB43C4B8}.vs_Windows_Editor_Clean|Any CPU.ActiveCfg = Debug|Any CPU
		{0F4AD09A-8335-58D7-5AF9-44FEFB43C4B8}.vs_Windows_Editor_Custom|Any CPU.ActiveCfg = Debug|Any CPU
		{0F4AD09A-8335-58D7-5AF9-44FEFB43C4B8}.vs_Windows_Player_Clean|Any CPU.ActiveCfg = Debug|Any CPU
		{0F4AD09A-8335-58D7-5AF9-44FEFB43C4B8}.vs_Windows_Player_Custom|Any CPU.ActiveCfg = Debug|Any CPU
		{0F4AD09A-8335-58D7-5AF9-44FEFB43C4B8}.vs_iOS_Editor_Clean|Any CPU.ActiveCfg = Debug|Any CPU
		{0F4AD09A-8335-58D7-5AF9-44FEFB43C4B8}.vs_iOS_Editor_Custom|Any CPU.ActiveCfg = Debug|Any CPU
		{0F4AD09A-8335-58D7-5AF9-44FEFB43C4B8}.vs_iOS_Player_Clean|Any CPU.ActiveCfg = Debug|Any CPU
		{0F4AD09A-8335-58D7-5AF9-44FEFB43C4B8}.vs_iOS_Player_Custom|Any CPU.ActiveCfg = Debug|Any CPU
		{0F4AD09A-8335-58D7-5AF9-44FEFB43C4B8}.vs_Android_Editor_Clean|Any CPU.ActiveCfg = Debug|Any CPU
		{0F4AD09A-8335-58D7-5AF9-44FEFB43C4B8}.vs_Android_Editor_Custom|Any CPU.ActiveCfg = Debug|Any CPU
		{0F4AD09A-8335-58D7-5AF9-44FEFB43C4B8}.vs_Android_Player_Clean|Any CPU.ActiveCfg = Debug|Any CPU
		{0F4AD09A-8335-58D7-5AF9-44FEFB43C4B8}.vs_Android_Player_Custom|Any CPU.ActiveCfg = Debug|Any CPU
		{41D9780E-B7A0-0D89-00B7-04FE75AA0EE1}.Debug|Any CPU.ActiveCfg = Debug|Any CPU
		{41D9780E-B7A0-0D89-00B7-04FE75AA0EE1}.Debug|Any CPU.Build.0 = Debug|Any CPU
		{41D9780E-B7A0-0D89-00B7-04FE75AA0EE1}.vs_Windows_Editor_Clean|Any CPU.ActiveCfg = vs_Windows_Editor_Clean|Any CPU
		{41D9780E-B7A0-0D89-00B7-04FE75AA0EE1}.vs_Windows_Editor_Clean|Any CPU.Build.0 = vs_Windows_Editor_Clean|Any CPU
		{41D9780E-B7A0-0D89-00B7-04FE75AA0EE1}.vs_Windows_Editor_Custom|Any CPU.ActiveCfg = vs_Windows_Editor_Custom|Any CPU
		{41D9780E-B7A0-0D89-00B7-04FE75AA0EE1}.vs_Windows_Editor_Custom|Any CPU.Build.0 = vs_Windows_Editor_Custom|Any CPU
		{41D9780E-B7A0-0D89-00B7-04FE75AA0EE1}.vs_Windows_Player_Clean|Any CPU.ActiveCfg = Debug|Any CPU
		{41D9780E-B7A0-0D89-00B7-04FE75AA0EE1}.vs_Windows_Player_Custom|Any CPU.ActiveCfg = Debug|Any CPU
		{41D9780E-B7A0-0D89-00B7-04FE75AA0EE1}.vs_iOS_Editor_Clean|Any CPU.ActiveCfg = vs_iOS_Editor_Clean|Any CPU
		{41D9780E-B7A0-0D89-00B7-04FE75AA0EE1}.vs_iOS_Editor_Clean|Any CPU.Build.0 = vs_iOS_Editor_Clean|Any CPU
		{41D9780E-B7A0-0D89-00B7-04FE75AA0EE1}.vs_iOS_Editor_Custom|Any CPU.ActiveCfg = vs_iOS_Editor_Custom|Any CPU
		{41D9780E-B7A0-0D89-00B7-04FE75AA0EE1}.vs_iOS_Editor_Custom|Any CPU.Build.0 = vs_iOS_Editor_Custom|Any CPU
		{41D9780E-B7A0-0D89-00B7-04FE75AA0EE1}.vs_iOS_Player_Clean|Any CPU.ActiveCfg = Debug|Any CPU
		{41D9780E-B7A0-0D89-00B7-04FE75AA0EE1}.vs_iOS_Player_Custom|Any CPU.ActiveCfg = Debug|Any CPU
		{41D9780E-B7A0-0D89-00B7-04FE75AA0EE1}.vs_Android_Editor_Clean|Any CPU.ActiveCfg = vs_Android_Editor_Clean|Any CPU
		{41D9780E-B7A0-0D89-00B7-04FE75AA0EE1}.vs_Android_Editor_Clean|Any CPU.Build.0 = vs_Android_Editor_Clean|Any CPU
		{41D9780E-B7A0-0D89-00B7-04FE75AA0EE1}.vs_Android_Editor_Custom|Any CPU.ActiveCfg = vs_Android_Editor_Custom|Any CPU
		{41D9780E-B7A0-0D89-00B7-04FE75AA0EE1}.vs_Android_Editor_Custom|Any CPU.Build.0 = vs_Android_Editor_Custom|Any CPU
		{41D9780E-B7A0-0D89-00B7-04FE75AA0EE1}.vs_Android_Player_Clean|Any CPU.ActiveCfg = Debug|Any CPU
		{41D9780E-B7A0-0D89-00B7-04FE75AA0EE1}.vs_Android_Player_Custom|Any CPU.ActiveCfg = Debug|Any CPU
		{4F23441F-2773-E30C-FBD8-B1769C00D6A1}.Debug|Any CPU.ActiveCfg = Debug|Any CPU
		{4F23441F-2773-E30C-FBD8-B1769C00D6A1}.Debug|Any CPU.Build.0 = Debug|Any CPU
		{4F23441F-2773-E30C-FBD8-B1769C00D6A1}.vs_Windows_Editor_Clean|Any CPU.ActiveCfg = Debug|Any CPU
		{4F23441F-2773-E30C-FBD8-B1769C00D6A1}.vs_Windows_Editor_Custom|Any CPU.ActiveCfg = Debug|Any CPU
		{4F23441F-2773-E30C-FBD8-B1769C00D6A1}.vs_Windows_Player_Clean|Any CPU.ActiveCfg = Debug|Any CPU
		{4F23441F-2773-E30C-FBD8-B1769C00D6A1}.vs_Windows_Player_Custom|Any CPU.ActiveCfg = Debug|Any CPU
		{4F23441F-2773-E30C-FBD8-B1769C00D6A1}.vs_iOS_Editor_Clean|Any CPU.ActiveCfg = Debug|Any CPU
		{4F23441F-2773-E30C-FBD8-B1769C00D6A1}.vs_iOS_Editor_Custom|Any CPU.ActiveCfg = Debug|Any CPU
		{4F23441F-2773-E30C-FBD8-B1769C00D6A1}.vs_iOS_Player_Clean|Any CPU.ActiveCfg = Debug|Any CPU
		{4F23441F-2773-E30C-FBD8-B1769C00D6A1}.vs_iOS_Player_Custom|Any CPU.ActiveCfg = Debug|Any CPU
		{4F23441F-2773-E30C-FBD8-B1769C00D6A1}.vs_Android_Editor_Clean|Any CPU.ActiveCfg = Debug|Any CPU
		{4F23441F-2773-E30C-FBD8-B1769C00D6A1}.vs_Android_Editor_Custom|Any CPU.ActiveCfg = Debug|Any CPU
		{4F23441F-2773-E30C-FBD8-B1769C00D6A1}.vs_Android_Player_Clean|Any CPU.ActiveCfg = Debug|Any CPU
		{4F23441F-2773-E30C-FBD8-B1769C00D6A1}.vs_Android_Player_Custom|Any CPU.ActiveCfg = Debug|Any CPU
	EndGlobalSection
	GlobalSection(SolutionProperties) = preSolution
		HideSolutionNode = FALSE
	EndGlobalSection
EndGlobal
